
Microsoft Visual Studio Solution File, Format Version 12.00
# Visual Studio Version 16
VisualStudioVersion = 16.0.32602.291
MinimumVisualStudioVersion = 10.0.40219.1
Project("{FAE04EC0-301F-11D3-BF4B-00C04F79EFBC}") = "AdventOfCode2022", "AdventOfCode2022\AdventOfCode2022.csproj", "{45BDEF14-BAAB-442A-9DF8-B132587839D5}"
EndProject
Project("{FAE04EC0-301F-11D3-BF4B-00C04F79EFBC}") = "AdventOfCode2022Tests", "AdventOfCode2022Tests\AdventOfCode2022Tests.csproj", "{78160EA9-48FC-4B77-A310-54FF08EBAFB7}"
EndProject
Global
	GlobalSection(SolutionConfigurationPlatforms) = preSolution
		Debug|Any CPU = Debug|Any CPU
		Release|Any CPU = Release|Any CPU
	EndGlobalSection
	GlobalSection(ProjectConfigurationPlatforms) = postSolution
		{45BDEF14-BAAB-442A-9DF8-B132587839D5}.Debug|Any CPU.ActiveCfg = Debug|Any CPU
		{45BDEF14-BAAB-442A-9DF8-B132587839D5}.Debug|Any CPU.Build.0 = Debug|Any CPU
		{45BDEF14-BAAB-442A-9DF8-B132587839D5}.Release|Any CPU.ActiveCfg = Release|Any CPU
		{45BDEF14-BAAB-442A-9DF8-B132587839D5}.Release|Any CPU.Build.0 = Release|Any CPU
		{78160EA9-48FC-4B77-A310-54FF08EBAFB7}.Debug|Any CPU.ActiveCfg = Debug|Any CPU
		{78160EA9-48FC-4B77-A310-54FF08EBAFB7}.Debug|Any CPU.Build.0 = Debug|Any CPU
		{78160EA9-48FC-4B77-A310-54FF08EBAFB7}.Release|Any CPU.ActiveCfg = Release|Any CPU
		{78160EA9-48FC-4B77-A310-54FF08EBAFB7}.Release|Any CPU.Build.0 = Release|Any CPU
	EndGlobalSection
	GlobalSection(SolutionProperties) = preSolution
		HideSolutionNode = FALSE
	EndGlobalSection
	GlobalSection(ExtensibilityGlobals) = postSolution
		SolutionGuid = {15CC4DBD-AFAA-40F7-92CC-916EF7A3A5A7}
	EndGlobalSection
EndGlobal
